
Microsoft Visual Studio Solution File, Format Version 12.00
# Visual Studio 2012
Project("{FAE04EC0-301F-11D3-BF4B-00C04F79EFBC}") = "testforgit2", "testforgit2\testforgit2.csproj", "{79A4BAA5-8D56-4437-9BC4-D786B6F95D74}"
EndProject
Global
	GlobalSection(SolutionConfigurationPlatforms) = preSolution
		Debug|x86 = Debug|x86
		Release|x86 = Release|x86
	EndGlobalSection
	GlobalSection(ProjectConfigurationPlatforms) = postSolution
		{79A4BAA5-8D56-4437-9BC4-D786B6F95D74}.Debug|x86.ActiveCfg = Debug|x86
		{79A4BAA5-8D56-4437-9BC4-D786B6F95D74}.Debug|x86.Build.0 = Debug|x86
		{79A4BAA5-8D56-4437-9BC4-D786B6F95D74}.Release|x86.ActiveCfg = Release|x86
		{79A4BAA5-8D56-4437-9BC4-D786B6F95D74}.Release|x86.Build.0 = Release|x86
	EndGlobalSection
EndGlobal
